// !$*UTF8*$!
{
	archiveVersion = 1;
	classes = {
	};
	objectVersion = 46;
	objects = {

/* Begin PBXBuildFile section */
		19869AED998B8757B66985E1 /* Pods_AppIdeas.framework in Frameworks */ = {isa = PBXBuildFile; fileRef = D6D6E74DDDC2760A25980DF5 /* Pods_AppIdeas.framework */; };
		C60A23A21F5C6EEC00E63019 /* CommentsVC.swift in Sources */ = {isa = PBXBuildFile; fileRef = C60A23A11F5C6EEC00E63019 /* CommentsVC.swift */; };
		C616F0C11F46797D0002429B /* IdeaCell.swift in Sources */ = {isa = PBXBuildFile; fileRef = C616F0BF1F46797D0002429B /* IdeaCell.swift */; };
		C616F0C21F46797D0002429B /* IdeaCell.xib in Resources */ = {isa = PBXBuildFile; fileRef = C616F0C01F46797D0002429B /* IdeaCell.xib */; };
		C62ADDD41F362AF10012CFC4 /* Innovator.swift in Sources */ = {isa = PBXBuildFile; fileRef = C62ADDD31F362AF10012CFC4 /* Innovator.swift */; };
		C62ADDD61F362E850012CFC4 /* DataStorage.swift in Sources */ = {isa = PBXBuildFile; fileRef = C62ADDD51F362E850012CFC4 /* DataStorage.swift */; };
		C62ADDD81F369C800012CFC4 /* Extensions.swift in Sources */ = {isa = PBXBuildFile; fileRef = C62ADDD71F369C800012CFC4 /* Extensions.swift */; };
		C62ADDFF1F37C6A40012CFC4 /* IdeasTabBar.storyboard in Resources */ = {isa = PBXBuildFile; fileRef = C62ADDFE1F37C6A40012CFC4 /* IdeasTabBar.storyboard */; };
		C63398EE1F30B176004829FB /* SignInVC.swift in Sources */ = {isa = PBXBuildFile; fileRef = C63398ED1F30B176004829FB /* SignInVC.swift */; };
		C63398F11F30B218004829FB /* CustomizedSegue.swift in Sources */ = {isa = PBXBuildFile; fileRef = C63398F01F30B218004829FB /* CustomizedSegue.swift */; };
		C6559DA01F452F1D00A62CDC /* HomeVC.swift in Sources */ = {isa = PBXBuildFile; fileRef = C6559D9F1F452F1D00A62CDC /* HomeVC.swift */; };
		C6559DA21F45468400A62CDC /* Idea.swift in Sources */ = {isa = PBXBuildFile; fileRef = C6559DA11F45468400A62CDC /* Idea.swift */; };
		C6559DA41F45481900A62CDC /* Comment.swift in Sources */ = {isa = PBXBuildFile; fileRef = C6559DA31F45481900A62CDC /* Comment.swift */; };
		C676E9771F7741E400E28A50 /* MoreTVC.swift in Sources */ = {isa = PBXBuildFile; fileRef = C676E9761F7741E400E28A50 /* MoreTVC.swift */; };
		C676E9791F77479700E28A50 /* YourIdeas.storyboard in Resources */ = {isa = PBXBuildFile; fileRef = C676E9781F77479700E28A50 /* YourIdeas.storyboard */; };
		C676E97B1F775C3900E28A50 /* YourIdeasVC.swift in Sources */ = {isa = PBXBuildFile; fileRef = C676E97A1F775C3900E28A50 /* YourIdeasVC.swift */; };
		C676E97E1F775E5F00E28A50 /* YourIdeaCell.swift in Sources */ = {isa = PBXBuildFile; fileRef = C676E97C1F775E5F00E28A50 /* YourIdeaCell.swift */; };
		C676E97F1F775E5F00E28A50 /* YourIdeaCell.xib in Resources */ = {isa = PBXBuildFile; fileRef = C676E97D1F775E5F00E28A50 /* YourIdeaCell.xib */; };
		C676E9811F785DEE00E28A50 /* YourIdeasCommentsVC.swift in Sources */ = {isa = PBXBuildFile; fileRef = C676E9801F785DEE00E28A50 /* YourIdeasCommentsVC.swift */; };
		C67F43781F2ED52C004586AF /* CustomizedTextField.swift in Sources */ = {isa = PBXBuildFile; fileRef = C67F43771F2ED52C004586AF /* CustomizedTextField.swift */; };
		C67F437A1F2ED933004586AF /* CustomizedButton.swift in Sources */ = {isa = PBXBuildFile; fileRef = C67F43791F2ED933004586AF /* CustomizedButton.swift */; };
		C67F437D1F2EDB1C004586AF /* AppIdeasAnimation.swift in Sources */ = {isa = PBXBuildFile; fileRef = C67F437C1F2EDB1C004586AF /* AppIdeasAnimation.swift */; };
		C682200B1F2E4B7B00863A7E /* AppDelegate.swift in Sources */ = {isa = PBXBuildFile; fileRef = C682200A1F2E4B7B00863A7E /* AppDelegate.swift */; };
		C682200D1F2E4B7B00863A7E /* LandingVC.swift in Sources */ = {isa = PBXBuildFile; fileRef = C682200C1F2E4B7B00863A7E /* LandingVC.swift */; };
		C68220101F2E4B7B00863A7E /* SignInSignUp.storyboard in Resources */ = {isa = PBXBuildFile; fileRef = C682200E1F2E4B7B00863A7E /* SignInSignUp.storyboard */; };
		C68220121F2E4B7B00863A7E /* Assets.xcassets in Resources */ = {isa = PBXBuildFile; fileRef = C68220111F2E4B7B00863A7E /* Assets.xcassets */; };
		C68220151F2E4B7B00863A7E /* LaunchScreen.storyboard in Resources */ = {isa = PBXBuildFile; fileRef = C68220131F2E4B7B00863A7E /* LaunchScreen.storyboard */; };
		C684AD351F49C17800C48184 /* CustomizedUITextView.swift in Sources */ = {isa = PBXBuildFile; fileRef = C684AD341F49C17800C48184 /* CustomizedUITextView.swift */; };
		C6B4B0FC1F8AB4F500F9A6EE /* YourFavorites.storyboard in Resources */ = {isa = PBXBuildFile; fileRef = C6B4B0FB1F8AB4F500F9A6EE /* YourFavorites.storyboard */; };
		C6B4B0FE1F8B3C9F00F9A6EE /* YourFavoritesVC.swift in Sources */ = {isa = PBXBuildFile; fileRef = C6B4B0FD1F8B3C9F00F9A6EE /* YourFavoritesVC.swift */; };
		C6B4B1011F8B3DF400F9A6EE /* FavotireIdeaCell.swift in Sources */ = {isa = PBXBuildFile; fileRef = C6B4B0FF1F8B3DF400F9A6EE /* FavotireIdeaCell.swift */; };
		C6B4B1021F8B3DF400F9A6EE /* FavotireIdeaCell.xib in Resources */ = {isa = PBXBuildFile; fileRef = C6B4B1001F8B3DF400F9A6EE /* FavotireIdeaCell.xib */; };
		C6C32F5B1F7DDAF8000D5054 /* Connectivity.swift in Sources */ = {isa = PBXBuildFile; fileRef = C6C32F5A1F7DDAF8000D5054 /* Connectivity.swift */; };
		C6DE7D311F5E1F860096C5CA /* CommentsCell.swift in Sources */ = {isa = PBXBuildFile; fileRef = C6DE7D2F1F5E1F860096C5CA /* CommentsCell.swift */; };
		C6DE7D321F5E1F860096C5CA /* CommentsCell.xib in Resources */ = {isa = PBXBuildFile; fileRef = C6DE7D301F5E1F860096C5CA /* CommentsCell.xib */; };
		C6DE86DF1F489DE40080F800 /* CustomizedUIImageView.swift in Sources */ = {isa = PBXBuildFile; fileRef = C6DE86DE1F489DE40080F800 /* CustomizedUIImageView.swift */; };
		C6E479AB1F4B26A60055C0BA /* AddIdeaVC.swift in Sources */ = {isa = PBXBuildFile; fileRef = C6E479AA1F4B26A60055C0BA /* AddIdeaVC.swift */; };
		C6FF1DCA1F32A557008C8734 /* SignUpVC.swift in Sources */ = {isa = PBXBuildFile; fileRef = C6FF1DC91F32A557008C8734 /* SignUpVC.swift */; };
		C6FF1DCC1F33A9C1008C8734 /* GoogleService-Info.plist in Resources */ = {isa = PBXBuildFile; fileRef = C6FF1DCB1F33A9C1008C8734 /* GoogleService-Info.plist */; };
		C6FF1DCF1F34EFCB008C8734 /* Constants.swift in Sources */ = {isa = PBXBuildFile; fileRef = C6FF1DCE1F34EFCB008C8734 /* Constants.swift */; };
/* End PBXBuildFile section */

/* Begin PBXFileReference section */
		40E3C4EC9695C54C2E9A251E /* Pods-AppIdeas.release.xcconfig */ = {isa = PBXFileReference; includeInIndex = 1; lastKnownFileType = text.xcconfig; name = "Pods-AppIdeas.release.xcconfig"; path = "Pods/Target Support Files/Pods-AppIdeas/Pods-AppIdeas.release.xcconfig"; sourceTree = "<group>"; };
		4466F25E62DF0B8DF121ECC9 /* Pods-AppIdeas.debug.xcconfig */ = {isa = PBXFileReference; includeInIndex = 1; lastKnownFileType = text.xcconfig; name = "Pods-AppIdeas.debug.xcconfig"; path = "Pods/Target Support Files/Pods-AppIdeas/Pods-AppIdeas.debug.xcconfig"; sourceTree = "<group>"; };
		C60A23A11F5C6EEC00E63019 /* CommentsVC.swift */ = {isa = PBXFileReference; lastKnownFileType = sourcecode.swift; path = CommentsVC.swift; sourceTree = "<group>"; };
		C616F0BF1F46797D0002429B /* IdeaCell.swift */ = {isa = PBXFileReference; lastKnownFileType = sourcecode.swift; path = IdeaCell.swift; sourceTree = "<group>"; };
		C616F0C01F46797D0002429B /* IdeaCell.xib */ = {isa = PBXFileReference; lastKnownFileType = file.xib; path = IdeaCell.xib; sourceTree = "<group>"; };
		C62ADDD31F362AF10012CFC4 /* Innovator.swift */ = {isa = PBXFileReference; fileEncoding = 4; lastKnownFileType = sourcecode.swift; path = Innovator.swift; sourceTree = "<group>"; };
		C62ADDD51F362E850012CFC4 /* DataStorage.swift */ = {isa = PBXFileReference; fileEncoding = 4; lastKnownFileType = sourcecode.swift; path = DataStorage.swift; sourceTree = "<group>"; };
		C62ADDD71F369C800012CFC4 /* Extensions.swift */ = {isa = PBXFileReference; fileEncoding = 4; lastKnownFileType = sourcecode.swift; path = Extensions.swift; sourceTree = "<group>"; };
		C62ADDFE1F37C6A40012CFC4 /* IdeasTabBar.storyboard */ = {isa = PBXFileReference; fileEncoding = 4; lastKnownFileType = file.storyboard; path = IdeasTabBar.storyboard; sourceTree = "<group>"; };
		C63398ED1F30B176004829FB /* SignInVC.swift */ = {isa = PBXFileReference; fileEncoding = 4; lastKnownFileType = sourcecode.swift; path = SignInVC.swift; sourceTree = "<group>"; };
		C63398F01F30B218004829FB /* CustomizedSegue.swift */ = {isa = PBXFileReference; fileEncoding = 4; lastKnownFileType = sourcecode.swift; path = CustomizedSegue.swift; sourceTree = "<group>"; };
		C6559D9F1F452F1D00A62CDC /* HomeVC.swift */ = {isa = PBXFileReference; lastKnownFileType = sourcecode.swift; path = HomeVC.swift; sourceTree = "<group>"; };
		C6559DA11F45468400A62CDC /* Idea.swift */ = {isa = PBXFileReference; lastKnownFileType = sourcecode.swift; path = Idea.swift; sourceTree = "<group>"; };
		C6559DA31F45481900A62CDC /* Comment.swift */ = {isa = PBXFileReference; lastKnownFileType = sourcecode.swift; path = Comment.swift; sourceTree = "<group>"; };
		C676E9761F7741E400E28A50 /* MoreTVC.swift */ = {isa = PBXFileReference; lastKnownFileType = sourcecode.swift; path = MoreTVC.swift; sourceTree = "<group>"; };
		C676E9781F77479700E28A50 /* YourIdeas.storyboard */ = {isa = PBXFileReference; lastKnownFileType = file.storyboard; path = YourIdeas.storyboard; sourceTree = "<group>"; };
		C676E97A1F775C3900E28A50 /* YourIdeasVC.swift */ = {isa = PBXFileReference; lastKnownFileType = sourcecode.swift; path = YourIdeasVC.swift; sourceTree = "<group>"; };
		C676E97C1F775E5F00E28A50 /* YourIdeaCell.swift */ = {isa = PBXFileReference; lastKnownFileType = sourcecode.swift; path = YourIdeaCell.swift; sourceTree = "<group>"; };
		C676E97D1F775E5F00E28A50 /* YourIdeaCell.xib */ = {isa = PBXFileReference; lastKnownFileType = file.xib; path = YourIdeaCell.xib; sourceTree = "<group>"; };
		C676E9801F785DEE00E28A50 /* YourIdeasCommentsVC.swift */ = {isa = PBXFileReference; lastKnownFileType = sourcecode.swift; path = YourIdeasCommentsVC.swift; sourceTree = "<group>"; };
		C67F43771F2ED52C004586AF /* CustomizedTextField.swift */ = {isa = PBXFileReference; fileEncoding = 4; lastKnownFileType = sourcecode.swift; path = CustomizedTextField.swift; sourceTree = "<group>"; };
		C67F43791F2ED933004586AF /* CustomizedButton.swift */ = {isa = PBXFileReference; fileEncoding = 4; lastKnownFileType = sourcecode.swift; path = CustomizedButton.swift; sourceTree = "<group>"; };
		C67F437C1F2EDB1C004586AF /* AppIdeasAnimation.swift */ = {isa = PBXFileReference; fileEncoding = 4; lastKnownFileType = sourcecode.swift; path = AppIdeasAnimation.swift; sourceTree = "<group>"; };
		C68220071F2E4B7B00863A7E /* AppIdeas.app */ = {isa = PBXFileReference; explicitFileType = wrapper.application; includeInIndex = 0; path = AppIdeas.app; sourceTree = BUILT_PRODUCTS_DIR; };
		C682200A1F2E4B7B00863A7E /* AppDelegate.swift */ = {isa = PBXFileReference; lastKnownFileType = sourcecode.swift; path = AppDelegate.swift; sourceTree = "<group>"; };
		C682200C1F2E4B7B00863A7E /* LandingVC.swift */ = {isa = PBXFileReference; lastKnownFileType = sourcecode.swift; path = LandingVC.swift; sourceTree = "<group>"; };
		C682200F1F2E4B7B00863A7E /* Base */ = {isa = PBXFileReference; lastKnownFileType = file.storyboard; name = Base; path = Base.lproj/SignInSignUp.storyboard; sourceTree = "<group>"; };
		C68220111F2E4B7B00863A7E /* Assets.xcassets */ = {isa = PBXFileReference; lastKnownFileType = folder.assetcatalog; path = Assets.xcassets; sourceTree = "<group>"; };
		C68220141F2E4B7B00863A7E /* Base */ = {isa = PBXFileReference; lastKnownFileType = file.storyboard; name = Base; path = Base.lproj/LaunchScreen.storyboard; sourceTree = "<group>"; };
		C68220161F2E4B7B00863A7E /* Info.plist */ = {isa = PBXFileReference; lastKnownFileType = text.plist.xml; path = Info.plist; sourceTree = "<group>"; };
		C684AD341F49C17800C48184 /* CustomizedUITextView.swift */ = {isa = PBXFileReference; lastKnownFileType = sourcecode.swift; path = CustomizedUITextView.swift; sourceTree = "<group>"; };
		C6B4B0FB1F8AB4F500F9A6EE /* YourFavorites.storyboard */ = {isa = PBXFileReference; lastKnownFileType = file.storyboard; path = YourFavorites.storyboard; sourceTree = "<group>"; };
		C6B4B0FD1F8B3C9F00F9A6EE /* YourFavoritesVC.swift */ = {isa = PBXFileReference; lastKnownFileType = sourcecode.swift; path = YourFavoritesVC.swift; sourceTree = "<group>"; };
		C6B4B0FF1F8B3DF400F9A6EE /* FavotireIdeaCell.swift */ = {isa = PBXFileReference; lastKnownFileType = sourcecode.swift; path = FavotireIdeaCell.swift; sourceTree = "<group>"; };
		C6B4B1001F8B3DF400F9A6EE /* FavotireIdeaCell.xib */ = {isa = PBXFileReference; lastKnownFileType = file.xib; path = FavotireIdeaCell.xib; sourceTree = "<group>"; };
		C6C32F5A1F7DDAF8000D5054 /* Connectivity.swift */ = {isa = PBXFileReference; lastKnownFileType = sourcecode.swift; path = Connectivity.swift; sourceTree = "<group>"; };
		C6DE7D2F1F5E1F860096C5CA /* CommentsCell.swift */ = {isa = PBXFileReference; lastKnownFileType = sourcecode.swift; path = CommentsCell.swift; sourceTree = "<group>"; };
		C6DE7D301F5E1F860096C5CA /* CommentsCell.xib */ = {isa = PBXFileReference; lastKnownFileType = file.xib; path = CommentsCell.xib; sourceTree = "<group>"; };
		C6DE86DE1F489DE40080F800 /* CustomizedUIImageView.swift */ = {isa = PBXFileReference; lastKnownFileType = sourcecode.swift; path = CustomizedUIImageView.swift; sourceTree = "<group>"; };
		C6E479AA1F4B26A60055C0BA /* AddIdeaVC.swift */ = {isa = PBXFileReference; lastKnownFileType = sourcecode.swift; path = AddIdeaVC.swift; sourceTree = "<group>"; };
		C6FF1DC91F32A557008C8734 /* SignUpVC.swift */ = {isa = PBXFileReference; fileEncoding = 4; lastKnownFileType = sourcecode.swift; path = SignUpVC.swift; sourceTree = "<group>"; };
		C6FF1DCB1F33A9C1008C8734 /* GoogleService-Info.plist */ = {isa = PBXFileReference; fileEncoding = 4; lastKnownFileType = text.plist.xml; path = "GoogleService-Info.plist"; sourceTree = "<group>"; };
		C6FF1DCE1F34EFCB008C8734 /* Constants.swift */ = {isa = PBXFileReference; fileEncoding = 4; lastKnownFileType = sourcecode.swift; path = Constants.swift; sourceTree = "<group>"; };
		D6D6E74DDDC2760A25980DF5 /* Pods_AppIdeas.framework */ = {isa = PBXFileReference; explicitFileType = wrapper.framework; includeInIndex = 0; path = Pods_AppIdeas.framework; sourceTree = BUILT_PRODUCTS_DIR; };
/* End PBXFileReference section */

/* Begin PBXFrameworksBuildPhase section */
		C68220041F2E4B7B00863A7E /* Frameworks */ = {
			isa = PBXFrameworksBuildPhase;
			buildActionMask = 2147483647;
			files = (
				19869AED998B8757B66985E1 /* Pods_AppIdeas.framework in Frameworks */,
			);
			runOnlyForDeploymentPostprocessing = 0;
		};
/* End PBXFrameworksBuildPhase section */

/* Begin PBXGroup section */
		791EF0881911C4F099A1CD58 /* Pods */ = {
			isa = PBXGroup;
			children = (
				4466F25E62DF0B8DF121ECC9 /* Pods-AppIdeas.debug.xcconfig */,
				40E3C4EC9695C54C2E9A251E /* Pods-AppIdeas.release.xcconfig */,
			);
			name = Pods;
			sourceTree = "<group>";
		};
		C60A23A01F5C6EBD00E63019 /* Tab Bar Segues */ = {
			isa = PBXGroup;
			children = (
				C60A23A11F5C6EEC00E63019 /* CommentsVC.swift */,
				C676E97A1F775C3900E28A50 /* YourIdeasVC.swift */,
				C676E9801F785DEE00E28A50 /* YourIdeasCommentsVC.swift */,
				C6B4B0FD1F8B3C9F00F9A6EE /* YourFavoritesVC.swift */,
			);
			name = "Tab Bar Segues";
			sourceTree = "<group>";
		};
		C616F0BE1F46792F0002429B /* Custom Cells */ = {
			isa = PBXGroup;
			children = (
				C616F0BF1F46797D0002429B /* IdeaCell.swift */,
				C616F0C01F46797D0002429B /* IdeaCell.xib */,
				C6DE7D2F1F5E1F860096C5CA /* CommentsCell.swift */,
				C6DE7D301F5E1F860096C5CA /* CommentsCell.xib */,
				C676E97C1F775E5F00E28A50 /* YourIdeaCell.swift */,
				C676E97D1F775E5F00E28A50 /* YourIdeaCell.xib */,
				C6B4B0FF1F8B3DF400F9A6EE /* FavotireIdeaCell.swift */,
				C6B4B1001F8B3DF400F9A6EE /* FavotireIdeaCell.xib */,
			);
			name = "Custom Cells";
			sourceTree = "<group>";
		};
		C62ADDFD1F37C63E0012CFC4 /* Storyboards */ = {
			isa = PBXGroup;
			children = (
				C682200E1F2E4B7B00863A7E /* SignInSignUp.storyboard */,
				C62ADDFE1F37C6A40012CFC4 /* IdeasTabBar.storyboard */,
				C676E9781F77479700E28A50 /* YourIdeas.storyboard */,
				C6B4B0FB1F8AB4F500F9A6EE /* YourFavorites.storyboard */,
			);
			name = Storyboards;
			sourceTree = "<group>";
		};
		C6559D9C1F452ECC00A62CDC /* Tab Bar */ = {
			isa = PBXGroup;
			children = (
				C6559D9F1F452F1D00A62CDC /* HomeVC.swift */,
				C6E479AA1F4B26A60055C0BA /* AddIdeaVC.swift */,
				C676E9761F7741E400E28A50 /* MoreTVC.swift */,
			);
			name = "Tab Bar";
			sourceTree = "<group>";
		};
		C6559D9E1F452EF600A62CDC /* User Management */ = {
			isa = PBXGroup;
			children = (
				C682200C1F2E4B7B00863A7E /* LandingVC.swift */,
				C63398ED1F30B176004829FB /* SignInVC.swift */,
				C6FF1DC91F32A557008C8734 /* SignUpVC.swift */,
			);
			name = "User Management";
			sourceTree = "<group>";
		};
		C67F437B1F2EDAD9004586AF /* Animations */ = {
			isa = PBXGroup;
			children = (
				C67F437C1F2EDB1C004586AF /* AppIdeasAnimation.swift */,
			);
			name = Animations;
			sourceTree = "<group>";
		};
		C6821FFE1F2E4B7B00863A7E = {
			isa = PBXGroup;
			children = (
				C68220091F2E4B7B00863A7E /* AppIdeas */,
				C68220081F2E4B7B00863A7E /* Products */,
				791EF0881911C4F099A1CD58 /* Pods */,
				E8F10CFFB723B6D878639899 /* Frameworks */,
			);
			sourceTree = "<group>";
		};
		C68220081F2E4B7B00863A7E /* Products */ = {
			isa = PBXGroup;
			children = (
				C68220071F2E4B7B00863A7E /* AppIdeas.app */,
			);
			name = Products;
			sourceTree = "<group>";
		};
		C68220091F2E4B7B00863A7E /* AppIdeas */ = {
			isa = PBXGroup;
			children = (
				C6FF1DCD1F34EFAF008C8734 /* Utilities */,
				C67F437B1F2EDAD9004586AF /* Animations */,
				C682201E1F2E4B9F00863A7E /* Controller */,
				C682201D1F2E4B9800863A7E /* View */,
				C682201C1F2E4B8A00863A7E /* Model */,
				C62ADDFD1F37C63E0012CFC4 /* Storyboards */,
				C682200A1F2E4B7B00863A7E /* AppDelegate.swift */,
				C68220111F2E4B7B00863A7E /* Assets.xcassets */,
				C68220131F2E4B7B00863A7E /* LaunchScreen.storyboard */,
				C68220161F2E4B7B00863A7E /* Info.plist */,
				C6FF1DCB1F33A9C1008C8734 /* GoogleService-Info.plist */,
			);
			path = AppIdeas;
			sourceTree = "<group>";
		};
		C682201C1F2E4B8A00863A7E /* Model */ = {
			isa = PBXGroup;
			children = (
				C62ADDD31F362AF10012CFC4 /* Innovator.swift */,
				C6559DA11F45468400A62CDC /* Idea.swift */,
				C6559DA31F45481900A62CDC /* Comment.swift */,
			);
			name = Model;
			sourceTree = "<group>";
		};
		C682201D1F2E4B9800863A7E /* View */ = {
			isa = PBXGroup;
			children = (
				C67F43771F2ED52C004586AF /* CustomizedTextField.swift */,
				C67F43791F2ED933004586AF /* CustomizedButton.swift */,
				C63398F01F30B218004829FB /* CustomizedSegue.swift */,
				C6DE86DE1F489DE40080F800 /* CustomizedUIImageView.swift */,
				C684AD341F49C17800C48184 /* CustomizedUITextView.swift */,
			);
			name = View;
			sourceTree = "<group>";
		};
		C682201E1F2E4B9F00863A7E /* Controller */ = {
			isa = PBXGroup;
			children = (
				C60A23A01F5C6EBD00E63019 /* Tab Bar Segues */,
				C616F0BE1F46792F0002429B /* Custom Cells */,
				C6559D9C1F452ECC00A62CDC /* Tab Bar */,
				C6559D9E1F452EF600A62CDC /* User Management */,
			);
			name = Controller;
			sourceTree = "<group>";
		};
		C6FF1DCD1F34EFAF008C8734 /* Utilities */ = {
			isa = PBXGroup;
			children = (
				C6FF1DCE1F34EFCB008C8734 /* Constants.swift */,
				C62ADDD51F362E850012CFC4 /* DataStorage.swift */,
				C62ADDD71F369C800012CFC4 /* Extensions.swift */,
				C6C32F5A1F7DDAF8000D5054 /* Connectivity.swift */,
			);
			name = Utilities;
			sourceTree = "<group>";
		};
		E8F10CFFB723B6D878639899 /* Frameworks */ = {
			isa = PBXGroup;
			children = (
				D6D6E74DDDC2760A25980DF5 /* Pods_AppIdeas.framework */,
			);
			name = Frameworks;
			sourceTree = "<group>";
		};
/* End PBXGroup section */

/* Begin PBXNativeTarget section */
		C68220061F2E4B7B00863A7E /* AppIdeas */ = {
			isa = PBXNativeTarget;
			buildConfigurationList = C68220191F2E4B7B00863A7E /* Build configuration list for PBXNativeTarget "AppIdeas" */;
			buildPhases = (
				F2BD65EB4C6062BE45464324 /* [CP] Check Pods Manifest.lock */,
				C68220031F2E4B7B00863A7E /* Sources */,
				C68220041F2E4B7B00863A7E /* Frameworks */,
				C68220051F2E4B7B00863A7E /* Resources */,
				B720732ED93BF75992A293E2 /* [CP] Embed Pods Frameworks */,
				A88572378C807600B4C25424 /* [CP] Copy Pods Resources */,
			);
			buildRules = (
			);
			dependencies = (
			);
			name = AppIdeas;
			productName = AppIdeas;
			productReference = C68220071F2E4B7B00863A7E /* AppIdeas.app */;
			productType = "com.apple.product-type.application";
		};
/* End PBXNativeTarget section */

/* Begin PBXProject section */
		C6821FFF1F2E4B7B00863A7E /* Project object */ = {
			isa = PBXProject;
			attributes = {
				LastSwiftUpdateCheck = 0830;
				LastUpgradeCheck = 0900;
				ORGANIZATIONNAME = "Vandan Patel";
				TargetAttributes = {
					C68220061F2E4B7B00863A7E = {
						CreatedOnToolsVersion = 8.3.3;
						DevelopmentTeam = 28AQQ73952;
						LastSwiftMigration = 0900;
						ProvisioningStyle = Automatic;
					};
				};
			};
			buildConfigurationList = C68220021F2E4B7B00863A7E /* Build configuration list for PBXProject "AppIdeas" */;
			compatibilityVersion = "Xcode 3.2";
			developmentRegion = English;
			hasScannedForEncodings = 0;
			knownRegions = (
				en,
				Base,
			);
			mainGroup = C6821FFE1F2E4B7B00863A7E;
			productRefGroup = C68220081F2E4B7B00863A7E /* Products */;
			projectDirPath = "";
			projectRoot = "";
			targets = (
				C68220061F2E4B7B00863A7E /* AppIdeas */,
			);
		};
/* End PBXProject section */

/* Begin PBXResourcesBuildPhase section */
		C68220051F2E4B7B00863A7E /* Resources */ = {
			isa = PBXResourcesBuildPhase;
			buildActionMask = 2147483647;
			files = (
				C676E9791F77479700E28A50 /* YourIdeas.storyboard in Resources */,
				C616F0C21F46797D0002429B /* IdeaCell.xib in Resources */,
				C62ADDFF1F37C6A40012CFC4 /* IdeasTabBar.storyboard in Resources */,
				C6B4B0FC1F8AB4F500F9A6EE /* YourFavorites.storyboard in Resources */,
				C68220151F2E4B7B00863A7E /* LaunchScreen.storyboard in Resources */,
				C6FF1DCC1F33A9C1008C8734 /* GoogleService-Info.plist in Resources */,
				C68220121F2E4B7B00863A7E /* Assets.xcassets in Resources */,
				C68220101F2E4B7B00863A7E /* SignInSignUp.storyboard in Resources */,
				C676E97F1F775E5F00E28A50 /* YourIdeaCell.xib in Resources */,
				C6DE7D321F5E1F860096C5CA /* CommentsCell.xib in Resources */,
				C6B4B1021F8B3DF400F9A6EE /* FavotireIdeaCell.xib in Resources */,
			);
			runOnlyForDeploymentPostprocessing = 0;
		};
/* End PBXResourcesBuildPhase section */

/* Begin PBXShellScriptBuildPhase section */
		A88572378C807600B4C25424 /* [CP] Copy Pods Resources */ = {
			isa = PBXShellScriptBuildPhase;
			buildActionMask = 2147483647;
			files = (
			);
			inputPaths = (
			);
			name = "[CP] Copy Pods Resources";
			outputPaths = (
			);
			runOnlyForDeploymentPostprocessing = 0;
			shellPath = /bin/sh;
			shellScript = "\"${SRCROOT}/Pods/Target Support Files/Pods-AppIdeas/Pods-AppIdeas-resources.sh\"\n";
			showEnvVarsInLog = 0;
		};
		B720732ED93BF75992A293E2 /* [CP] Embed Pods Frameworks */ = {
			isa = PBXShellScriptBuildPhase;
			buildActionMask = 2147483647;
			files = (
			);
			inputPaths = (
			);
			name = "[CP] Embed Pods Frameworks";
			outputPaths = (
			);
			runOnlyForDeploymentPostprocessing = 0;
			shellPath = /bin/sh;
			shellScript = "\"${SRCROOT}/Pods/Target Support Files/Pods-AppIdeas/Pods-AppIdeas-frameworks.sh\"\n";
			showEnvVarsInLog = 0;
		};
		F2BD65EB4C6062BE45464324 /* [CP] Check Pods Manifest.lock */ = {
			isa = PBXShellScriptBuildPhase;
			buildActionMask = 2147483647;
			files = (
			);
			inputPaths = (
			);
			name = "[CP] Check Pods Manifest.lock";
			outputPaths = (
			);
			runOnlyForDeploymentPostprocessing = 0;
			shellPath = /bin/sh;
			shellScript = "diff \"${PODS_PODFILE_DIR_PATH}/Podfile.lock\" \"${PODS_ROOT}/Manifest.lock\" > /dev/null\nif [ $? != 0 ] ; then\n    # print error to STDERR\n    echo \"error: The sandbox is not in sync with the Podfile.lock. Run 'pod install' or update your CocoaPods installation.\" >&2\n    exit 1\nfi\n";
			showEnvVarsInLog = 0;
		};
/* End PBXShellScriptBuildPhase section */

/* Begin PBXSourcesBuildPhase section */
		C68220031F2E4B7B00863A7E /* Sources */ = {
			isa = PBXSourcesBuildPhase;
			buildActionMask = 2147483647;
			files = (
				C6559DA21F45468400A62CDC /* Idea.swift in Sources */,
				C6FF1DCA1F32A557008C8734 /* SignUpVC.swift in Sources */,
				C676E9771F7741E400E28A50 /* MoreTVC.swift in Sources */,
				C67F437A1F2ED933004586AF /* CustomizedButton.swift in Sources */,
				C6B4B0FE1F8B3C9F00F9A6EE /* YourFavoritesVC.swift in Sources */,
				C6E479AB1F4B26A60055C0BA /* AddIdeaVC.swift in Sources */,
				C62ADDD61F362E850012CFC4 /* DataStorage.swift in Sources */,
				C6DE86DF1F489DE40080F800 /* CustomizedUIImageView.swift in Sources */,
				C676E97E1F775E5F00E28A50 /* YourIdeaCell.swift in Sources */,
				C6C32F5B1F7DDAF8000D5054 /* Connectivity.swift in Sources */,
				C63398F11F30B218004829FB /* CustomizedSegue.swift in Sources */,
				C6559DA01F452F1D00A62CDC /* HomeVC.swift in Sources */,
				C682200D1F2E4B7B00863A7E /* LandingVC.swift in Sources */,
				C63398EE1F30B176004829FB /* SignInVC.swift in Sources */,
				C67F43781F2ED52C004586AF /* CustomizedTextField.swift in Sources */,
				C62ADDD81F369C800012CFC4 /* Extensions.swift in Sources */,
				C6559DA41F45481900A62CDC /* Comment.swift in Sources */,
				C6DE7D311F5E1F860096C5CA /* CommentsCell.swift in Sources */,
				C676E9811F785DEE00E28A50 /* YourIdeasCommentsVC.swift in Sources */,
				C684AD351F49C17800C48184 /* CustomizedUITextView.swift in Sources */,
				C6B4B1011F8B3DF400F9A6EE /* FavotireIdeaCell.swift in Sources */,
				C60A23A21F5C6EEC00E63019 /* CommentsVC.swift in Sources */,
				C67F437D1F2EDB1C004586AF /* AppIdeasAnimation.swift in Sources */,
				C616F0C11F46797D0002429B /* IdeaCell.swift in Sources */,
				C682200B1F2E4B7B00863A7E /* AppDelegate.swift in Sources */,
				C676E97B1F775C3900E28A50 /* YourIdeasVC.swift in Sources */,
				C62ADDD41F362AF10012CFC4 /* Innovator.swift in Sources */,
				C6FF1DCF1F34EFCB008C8734 /* Constants.swift in Sources */,
			);
			runOnlyForDeploymentPostprocessing = 0;
		};
/* End PBXSourcesBuildPhase section */

/* Begin PBXVariantGroup section */
		C682200E1F2E4B7B00863A7E /* SignInSignUp.storyboard */ = {
			isa = PBXVariantGroup;
			children = (
				C682200F1F2E4B7B00863A7E /* Base */,
			);
			name = SignInSignUp.storyboard;
			sourceTree = "<group>";
		};
		C68220131F2E4B7B00863A7E /* LaunchScreen.storyboard */ = {
			isa = PBXVariantGroup;
			children = (
				C68220141F2E4B7B00863A7E /* Base */,
			);
			name = LaunchScreen.storyboard;
			sourceTree = "<group>";
		};
/* End PBXVariantGroup section */

/* Begin XCBuildConfiguration section */
		C68220171F2E4B7B00863A7E /* Debug */ = {
			isa = XCBuildConfiguration;
			buildSettings = {
				ALWAYS_SEARCH_USER_PATHS = NO;
				CLANG_ANALYZER_NONNULL = YES;
				CLANG_ANALYZER_NUMBER_OBJECT_CONVERSION = YES_AGGRESSIVE;
				CLANG_CXX_LANGUAGE_STANDARD = "gnu++0x";
				CLANG_CXX_LIBRARY = "libc++";
				CLANG_ENABLE_MODULES = YES;
				CLANG_ENABLE_OBJC_ARC = YES;
				CLANG_WARN_BLOCK_CAPTURE_AUTORELEASING = YES;
				CLANG_WARN_BOOL_CONVERSION = YES;
				CLANG_WARN_COMMA = YES;
				CLANG_WARN_CONSTANT_CONVERSION = YES;
				CLANG_WARN_DIRECT_OBJC_ISA_USAGE = YES_ERROR;
				CLANG_WARN_DOCUMENTATION_COMMENTS = YES;
				CLANG_WARN_EMPTY_BODY = YES;
				CLANG_WARN_ENUM_CONVERSION = YES;
				CLANG_WARN_INFINITE_RECURSION = YES;
				CLANG_WARN_INT_CONVERSION = YES;
				CLANG_WARN_NON_LITERAL_NULL_CONVERSION = YES;
				CLANG_WARN_OBJC_LITERAL_CONVERSION = YES;
				CLANG_WARN_OBJC_ROOT_CLASS = YES_ERROR;
				CLANG_WARN_RANGE_LOOP_ANALYSIS = YES;
				CLANG_WARN_STRICT_PROTOTYPES = YES;
				CLANG_WARN_SUSPICIOUS_MOVE = YES;
				CLANG_WARN_UNREACHABLE_CODE = YES;
				CLANG_WARN__DUPLICATE_METHOD_MATCH = YES;
				"CODE_SIGN_IDENTITY[sdk=iphoneos*]" = "iPhone Developer";
				COPY_PHASE_STRIP = NO;
				DEBUG_INFORMATION_FORMAT = dwarf;
				ENABLE_STRICT_OBJC_MSGSEND = YES;
				ENABLE_TESTABILITY = YES;
				GCC_C_LANGUAGE_STANDARD = gnu99;
				GCC_DYNAMIC_NO_PIC = NO;
				GCC_NO_COMMON_BLOCKS = YES;
				GCC_OPTIMIZATION_LEVEL = 0;
				GCC_PREPROCESSOR_DEFINITIONS = (
					"DEBUG=1",
					"$(inherited)",
				);
				GCC_WARN_64_TO_32_BIT_CONVERSION = YES;
				GCC_WARN_ABOUT_RETURN_TYPE = YES_ERROR;
				GCC_WARN_UNDECLARED_SELECTOR = YES;
				GCC_WARN_UNINITIALIZED_AUTOS = YES_AGGRESSIVE;
				GCC_WARN_UNUSED_FUNCTION = YES;
				GCC_WARN_UNUSED_VARIABLE = YES;
				IPHONEOS_DEPLOYMENT_TARGET = 11.0;
				MTL_ENABLE_DEBUG_INFO = YES;
				ONLY_ACTIVE_ARCH = YES;
				SDKROOT = iphoneos;
				SWIFT_ACTIVE_COMPILATION_CONDITIONS = DEBUG;
				SWIFT_OPTIMIZATION_LEVEL = "-Onone";
				TARGETED_DEVICE_FAMILY = "1,2";
			};
			name = Debug;
		};
		C68220181F2E4B7B00863A7E /* Release */ = {
			isa = XCBuildConfiguration;
			buildSettings = {
				ALWAYS_SEARCH_USER_PATHS = NO;
				CLANG_ANALYZER_NONNULL = YES;
				CLANG_ANALYZER_NUMBER_OBJECT_CONVERSION = YES_AGGRESSIVE;
				CLANG_CXX_LANGUAGE_STANDARD = "gnu++0x";
				CLANG_CXX_LIBRARY = "libc++";
				CLANG_ENABLE_MODULES = YES;
				CLANG_ENABLE_OBJC_ARC = YES;
				CLANG_WARN_BLOCK_CAPTURE_AUTORELEASING = YES;
				CLANG_WARN_BOOL_CONVERSION = YES;
				CLANG_WARN_COMMA = YES;
				CLANG_WARN_CONSTANT_CONVERSION = YES;
				CLANG_WARN_DIRECT_OBJC_ISA_USAGE = YES_ERROR;
				CLANG_WARN_DOCUMENTATION_COMMENTS = YES;
				CLANG_WARN_EMPTY_BODY = YES;
				CLANG_WARN_ENUM_CONVERSION = YES;
				CLANG_WARN_INFINITE_RECURSION = YES;
				CLANG_WARN_INT_CONVERSION = YES;
				CLANG_WARN_NON_LITERAL_NULL_CONVERSION = YES;
				CLANG_WARN_OBJC_LITERAL_CONVERSION = YES;
				CLANG_WARN_OBJC_ROOT_CLASS = YES_ERROR;
				CLANG_WARN_RANGE_LOOP_ANALYSIS = YES;
				CLANG_WARN_STRICT_PROTOTYPES = YES;
				CLANG_WARN_SUSPICIOUS_MOVE = YES;
				CLANG_WARN_UNREACHABLE_CODE = YES;
				CLANG_WARN__DUPLICATE_METHOD_MATCH = YES;
				"CODE_SIGN_IDENTITY[sdk=iphoneos*]" = "iPhone Developer";
				COPY_PHASE_STRIP = NO;
				DEBUG_INFORMATION_FORMAT = "dwarf-with-dsym";
				ENABLE_NS_ASSERTIONS = NO;
				ENABLE_STRICT_OBJC_MSGSEND = YES;
				GCC_C_LANGUAGE_STANDARD = gnu99;
				GCC_NO_COMMON_BLOCKS = YES;
				GCC_WARN_64_TO_32_BIT_CONVERSION = YES;
				GCC_WARN_ABOUT_RETURN_TYPE = YES_ERROR;
				GCC_WARN_UNDECLARED_SELECTOR = YES;
				GCC_WARN_UNINITIALIZED_AUTOS = YES_AGGRESSIVE;
				GCC_WARN_UNUSED_FUNCTION = YES;
				GCC_WARN_UNUSED_VARIABLE = YES;
				IPHONEOS_DEPLOYMENT_TARGET = 11.0;
				MTL_ENABLE_DEBUG_INFO = NO;
				SDKROOT = iphoneos;
				SWIFT_OPTIMIZATION_LEVEL = "-Owholemodule";
				TARGETED_DEVICE_FAMILY = "1,2";
				VALIDATE_PRODUCT = YES;
			};
			name = Release;
		};
		C682201A1F2E4B7B00863A7E /* Debug */ = {
			isa = XCBuildConfiguration;
			baseConfigurationReference = 4466F25E62DF0B8DF121ECC9 /* Pods-AppIdeas.debug.xcconfig */;
			buildSettings = {
				ASSETCATALOG_COMPILER_APPICON_NAME = AppIcon;
				DEVELOPMENT_TEAM = 28AQQ73952;
				INFOPLIST_FILE = AppIdeas/Info.plist;
				LD_RUNPATH_SEARCH_PATHS = "$(inherited) @executable_path/Frameworks";
				PRODUCT_BUNDLE_IDENTIFIER = com.vandanpatel.AppIdeas;
				PRODUCT_NAME = "$(TARGET_NAME)";
				SWIFT_SWIFT3_OBJC_INFERENCE = Off;
				SWIFT_VERSION = 4.0;
			};
			name = Debug;
		};
		C682201B1F2E4B7B00863A7E /* Release */ = {
			isa = XCBuildConfiguration;
			baseConfigurationReference = 40E3C4EC9695C54C2E9A251E /* Pods-AppIdeas.release.xcconfig */;
			buildSettings = {
				ASSETCATALOG_COMPILER_APPICON_NAME = AppIcon;
				DEVELOPMENT_TEAM = 28AQQ73952;
				INFOPLIST_FILE = AppIdeas/Info.plist;
				LD_RUNPATH_SEARCH_PATHS = "$(inherited) @executable_path/Frameworks";
				PRODUCT_BUNDLE_IDENTIFIER = com.vandanpatel.AppIdeas;
				PRODUCT_NAME = "$(TARGET_NAME)";
				SWIFT_SWIFT3_OBJC_INFERENCE = Off;
				SWIFT_VERSION = 4.0;
			};
			name = Release;
		};
/* End XCBuildConfiguration section */

/* Begin XCConfigurationList section */
		C68220021F2E4B7B00863A7E /* Build configuration list for PBXProject "AppIdeas" */ = {
			isa = XCConfigurationList;
			buildConfigurations = (
				C68220171F2E4B7B00863A7E /* Debug */,
				C68220181F2E4B7B00863A7E /* Release */,
			);
			defaultConfigurationIsVisible = 0;
			defaultConfigurationName = Release;
		};
		C68220191F2E4B7B00863A7E /* Build configuration list for PBXNativeTarget "AppIdeas" */ = {
			isa = XCConfigurationList;
			buildConfigurations = (
				C682201A1F2E4B7B00863A7E /* Debug */,
				C682201B1F2E4B7B00863A7E /* Release */,
			);
			defaultConfigurationIsVisible = 0;
			defaultConfigurationName = Release;
		};
/* End XCConfigurationList section */
	};
	rootObject = C6821FFF1F2E4B7B00863A7E /* Project object */;
}
